github.com/adityatelange/hugo-PaperMod v0.0.0-20260109161122-6c5a8f6b055c h1:aHN8p1KeE6aVHkBS4Jc/c28q8biynTolUzj3Ta4sPRc=
github.com/adityatelange/hugo-PaperMod v0.0.0-20260109161122-6c5a8f6b055c/go.mod h1:HCHxNMKYdGafUYjVV3ICiAqznZK2yH0iI53jqcDFDdQ=
github.com/panr/hugo-theme-terminal/v4 v4.2.3 h1:BU4x0qPDTZao6kzT4hWrOwGVaYgo5GesQZr+ATMsQoM=
github.com/panr/hugo-theme-terminal/v4 v4.2.3/go.mod h1:W0sFodm5ipL5gjRqOFjg4zD+euoQ8hCtyDDtqSpihxM=
